
Microsoft Visual Studio Solution File, Format Version 12.00
# Visual Studio 15
VisualStudioVersion = 15.0.28307.489
MinimumVisualStudioVersion = 10.0.40219.1
Project("{E24C65DC-7377-472B-9ABA-BC803B73C61A}") = "Ejercicio15_Fibonacci", "Ejercicio15_Fibonacci\", "{97B9888D-E82F-40E4-9898-FF820ABE78F0}"
	ProjectSection(WebsiteProperties) = preProject
		TargetFrameworkMoniker = ".NETFramework,Version%3Dv4.5.2"
		Debug.AspNetCompiler.VirtualPath = "/localhost_57192"
		Debug.AspNetCompiler.PhysicalPath = "Ejercicio15_Fibonacci\"
		Debug.AspNetCompiler.TargetPath = "PrecompiledWeb\localhost_57192\"
		Debug.AspNetCompiler.Updateable = "true"
		Debug.AspNetCompiler.ForceOverwrite = "true"
		Debug.AspNetCompiler.FixedNames = "false"
		Debug.AspNetCompiler.Debug = "True"
		Release.AspNetCompiler.VirtualPath = "/localhost_57192"
		Release.AspNetCompiler.PhysicalPath = "Ejercicio15_Fibonacci\"
		Release.AspNetCompiler.TargetPath = "PrecompiledWeb\localhost_57192\"
		Release.AspNetCompiler.Updateable = "true"
		Release.AspNetCompiler.ForceOverwrite = "true"
		Release.AspNetCompiler.FixedNames = "false"
		Release.AspNetCompiler.Debug = "False"
		VWDPort = "57192"
		SlnRelativePath = "Ejercicio15_Fibonacci\"
		DefaultWebSiteLanguage = "Visual C#"
	EndProjectSection
EndProject
Global
	GlobalSection(SolutionConfigurationPlatforms) = preSolution
		Debug|Any CPU = Debug|Any CPU
	EndGlobalSection
	GlobalSection(ProjectConfigurationPlatforms) = postSolution
		{97B9888D-E82F-40E4-9898-FF820ABE78F0}.Debug|Any CPU.ActiveCfg = Debug|Any CPU
		{97B9888D-E82F-40E4-9898-FF820ABE78F0}.Debug|Any CPU.Build.0 = Debug|Any CPU
	EndGlobalSection
	GlobalSection(SolutionProperties) = preSolution
		HideSolutionNode = FALSE
	EndGlobalSection
	GlobalSection(ExtensibilityGlobals) = postSolution
		SolutionGuid = {3F8FDE02-166E-47D3-BBB5-3CC34B94F5AE}
	EndGlobalSection
EndGlobal
