
Microsoft Visual Studio Solution File, Format Version 12.00
# Visual Studio 15
VisualStudioVersion = 15.0.28307.489
MinimumVisualStudioVersion = 10.0.40219.1
Project("{E24C65DC-7377-472B-9ABA-BC803B73C61A}") = "Problema1", "Problema1\", "{3C675068-89EF-44CB-8481-F16390AA98CE}"
	ProjectSection(WebsiteProperties) = preProject
		TargetFrameworkMoniker = ".NETFramework,Version%3Dv4.5.2"
		Debug.AspNetCompiler.VirtualPath = "/localhost_51126"
		Debug.AspNetCompiler.PhysicalPath = "Problema1\"
		Debug.AspNetCompiler.TargetPath = "PrecompiledWeb\localhost_51126\"
		Debug.AspNetCompiler.Updateable = "true"
		Debug.AspNetCompiler.ForceOverwrite = "true"
		Debug.AspNetCompiler.FixedNames = "false"
		Debug.AspNetCompiler.Debug = "True"
		Release.AspNetCompiler.VirtualPath = "/localhost_51126"
		Release.AspNetCompiler.PhysicalPath = "Problema1\"
		Release.AspNetCompiler.TargetPath = "PrecompiledWeb\localhost_51126\"
		Release.AspNetCompiler.Updateable = "true"
		Release.AspNetCompiler.ForceOverwrite = "true"
		Release.AspNetCompiler.FixedNames = "false"
		Release.AspNetCompiler.Debug = "False"
		VWDPort = "51126"
		SlnRelativePath = "Problema1\"
		DefaultWebSiteLanguage = "Visual C#"
	EndProjectSection
EndProject
Global
	GlobalSection(SolutionConfigurationPlatforms) = preSolution
		Debug|Any CPU = Debug|Any CPU
	EndGlobalSection
	GlobalSection(ProjectConfigurationPlatforms) = postSolution
		{3C675068-89EF-44CB-8481-F16390AA98CE}.Debug|Any CPU.ActiveCfg = Debug|Any CPU
		{3C675068-89EF-44CB-8481-F16390AA98CE}.Debug|Any CPU.Build.0 = Debug|Any CPU
	EndGlobalSection
	GlobalSection(SolutionProperties) = preSolution
		HideSolutionNode = FALSE
	EndGlobalSection
	GlobalSection(ExtensibilityGlobals) = postSolution
		SolutionGuid = {D4D3723E-2A1D-4B17-96D7-1C8BCC7E9563}
	EndGlobalSection
EndGlobal
