
Microsoft Visual Studio Solution File, Format Version 12.00
# Visual Studio 15
VisualStudioVersion = 15.0.28307.489
MinimumVisualStudioVersion = 10.0.40219.1
Project("{E24C65DC-7377-472B-9ABA-BC803B73C61A}") = "ejercicio006", "ejercicio006\", "{EA4387EA-A643-4B62-A982-23E203F8CFFE}"
	ProjectSection(WebsiteProperties) = preProject
		TargetFrameworkMoniker = ".NETFramework,Version%3Dv4.5.2"
		Debug.AspNetCompiler.VirtualPath = "/localhost_57978"
		Debug.AspNetCompiler.PhysicalPath = "ejercicio006\"
		Debug.AspNetCompiler.TargetPath = "PrecompiledWeb\localhost_57978\"
		Debug.AspNetCompiler.Updateable = "true"
		Debug.AspNetCompiler.ForceOverwrite = "true"
		Debug.AspNetCompiler.FixedNames = "false"
		Debug.AspNetCompiler.Debug = "True"
		Release.AspNetCompiler.VirtualPath = "/localhost_57978"
		Release.AspNetCompiler.PhysicalPath = "ejercicio006\"
		Release.AspNetCompiler.TargetPath = "PrecompiledWeb\localhost_57978\"
		Release.AspNetCompiler.Updateable = "true"
		Release.AspNetCompiler.ForceOverwrite = "true"
		Release.AspNetCompiler.FixedNames = "false"
		Release.AspNetCompiler.Debug = "False"
		VWDPort = "57978"
		SlnRelativePath = "ejercicio006\"
		DefaultWebSiteLanguage = "Visual C#"
	EndProjectSection
EndProject
Global
	GlobalSection(SolutionConfigurationPlatforms) = preSolution
		Debug|Any CPU = Debug|Any CPU
	EndGlobalSection
	GlobalSection(ProjectConfigurationPlatforms) = postSolution
		{EA4387EA-A643-4B62-A982-23E203F8CFFE}.Debug|Any CPU.ActiveCfg = Debug|Any CPU
		{EA4387EA-A643-4B62-A982-23E203F8CFFE}.Debug|Any CPU.Build.0 = Debug|Any CPU
	EndGlobalSection
	GlobalSection(SolutionProperties) = preSolution
		HideSolutionNode = FALSE
	EndGlobalSection
	GlobalSection(ExtensibilityGlobals) = postSolution
		SolutionGuid = {F475D4C5-9DC3-465C-BBF0-EFD1574C3C91}
	EndGlobalSection
EndGlobal
