
Microsoft Visual Studio Solution File, Format Version 12.00
# Visual Studio 15
VisualStudioVersion = 15.0.28307.489
MinimumVisualStudioVersion = 10.0.40219.1
Project("{E24C65DC-7377-472B-9ABA-BC803B73C61A}") = "Ejercicio5_Bisiesto", "Ejercicio5_Bisiesto\", "{EDDAB9FE-622A-4D4E-881C-9BA53C6836B0}"
	ProjectSection(WebsiteProperties) = preProject
		TargetFrameworkMoniker = ".NETFramework,Version%3Dv4.5.2"
		Debug.AspNetCompiler.VirtualPath = "/localhost_55401"
		Debug.AspNetCompiler.PhysicalPath = "Ejercicio5_Bisiesto\"
		Debug.AspNetCompiler.TargetPath = "PrecompiledWeb\localhost_55401\"
		Debug.AspNetCompiler.Updateable = "true"
		Debug.AspNetCompiler.ForceOverwrite = "true"
		Debug.AspNetCompiler.FixedNames = "false"
		Debug.AspNetCompiler.Debug = "True"
		Release.AspNetCompiler.VirtualPath = "/localhost_55401"
		Release.AspNetCompiler.PhysicalPath = "Ejercicio5_Bisiesto\"
		Release.AspNetCompiler.TargetPath = "PrecompiledWeb\localhost_55401\"
		Release.AspNetCompiler.Updateable = "true"
		Release.AspNetCompiler.ForceOverwrite = "true"
		Release.AspNetCompiler.FixedNames = "false"
		Release.AspNetCompiler.Debug = "False"
		VWDPort = "55401"
		SlnRelativePath = "Ejercicio5_Bisiesto\"
		DefaultWebSiteLanguage = "Visual C#"
	EndProjectSection
EndProject
Global
	GlobalSection(SolutionConfigurationPlatforms) = preSolution
		Debug|Any CPU = Debug|Any CPU
	EndGlobalSection
	GlobalSection(ProjectConfigurationPlatforms) = postSolution
		{EDDAB9FE-622A-4D4E-881C-9BA53C6836B0}.Debug|Any CPU.ActiveCfg = Debug|Any CPU
		{EDDAB9FE-622A-4D4E-881C-9BA53C6836B0}.Debug|Any CPU.Build.0 = Debug|Any CPU
	EndGlobalSection
	GlobalSection(SolutionProperties) = preSolution
		HideSolutionNode = FALSE
	EndGlobalSection
	GlobalSection(ExtensibilityGlobals) = postSolution
		SolutionGuid = {2FBF1EB0-F10F-4272-A4AD-CA06C45A7EB5}
	EndGlobalSection
EndGlobal
