
Microsoft Visual Studio Solution File, Format Version 12.00
# Visual Studio 14
VisualStudioVersion = 14.0.25420.1
MinimumVisualStudioVersion = 10.0.40219.1
Project("{E24C65DC-7377-472B-9ABA-BC803B73C61A}") = "Ejercicio18_DistanciaKmMillas", "Ejercicio18_DistanciaKmMillas", "{121B7E18-A8D3-40DD-A222-C1C01A33961E}"
	ProjectSection(WebsiteProperties) = preProject
		TargetFrameworkMoniker = ".NETFramework,Version%3Dv4.5.2"
		Debug.AspNetCompiler.VirtualPath = "/localhost_53087"
		Debug.AspNetCompiler.PhysicalPath = "Ejercicio18_DistanciaKmMillas"
		Debug.AspNetCompiler.TargetPath = "PrecompiledWeb\localhost_53087\"
		Debug.AspNetCompiler.Updateable = "true"
		Debug.AspNetCompiler.ForceOverwrite = "true"
		Debug.AspNetCompiler.FixedNames = "false"
		Debug.AspNetCompiler.Debug = "True"
		Release.AspNetCompiler.VirtualPath = "/localhost_53087"
		Release.AspNetCompiler.PhysicalPath = "Ejercicio18_DistanciaKmMillas"
		Release.AspNetCompiler.TargetPath = "PrecompiledWeb\localhost_53087\"
		Release.AspNetCompiler.Updateable = "true"
		Release.AspNetCompiler.ForceOverwrite = "true"
		Release.AspNetCompiler.FixedNames = "false"
		Release.AspNetCompiler.Debug = "False"
		VWDPort = "53087"
		SlnRelativePath = "Ejercicio18_DistanciaKmMillas"
		DefaultWebSiteLanguage = "Visual C#"
	EndProjectSection
EndProject
Global
	GlobalSection(SolutionConfigurationPlatforms) = preSolution
		Debug|Any CPU = Debug|Any CPU
	EndGlobalSection
	GlobalSection(ProjectConfigurationPlatforms) = postSolution
		{121B7E18-A8D3-40DD-A222-C1C01A33961E}.Debug|Any CPU.ActiveCfg = Debug|Any CPU
		{121B7E18-A8D3-40DD-A222-C1C01A33961E}.Debug|Any CPU.Build.0 = Debug|Any CPU
	EndGlobalSection
	GlobalSection(SolutionProperties) = preSolution
		HideSolutionNode = FALSE
	EndGlobalSection
EndGlobal
