
Microsoft Visual Studio Solution File, Format Version 12.00
# Visual Studio 15
VisualStudioVersion = 15.0.28307.489
MinimumVisualStudioVersion = 10.0.40219.1
Project("{FAE04EC0-301F-11D3-BF4B-00C04F79EFBC}") = "ejercicio021", "ejercicio021\ejercicio021.csproj", "{69921B95-DEE2-4721-AFBA-34724D9B3C8C}"
EndProject
Global
	GlobalSection(SolutionConfigurationPlatforms) = preSolution
		Debug|Any CPU = Debug|Any CPU
		Release|Any CPU = Release|Any CPU
	EndGlobalSection
	GlobalSection(ProjectConfigurationPlatforms) = postSolution
		{69921B95-DEE2-4721-AFBA-34724D9B3C8C}.Debug|Any CPU.ActiveCfg = Debug|Any CPU
		{69921B95-DEE2-4721-AFBA-34724D9B3C8C}.Debug|Any CPU.Build.0 = Debug|Any CPU
		{69921B95-DEE2-4721-AFBA-34724D9B3C8C}.Release|Any CPU.ActiveCfg = Release|Any CPU
		{69921B95-DEE2-4721-AFBA-34724D9B3C8C}.Release|Any CPU.Build.0 = Release|Any CPU
	EndGlobalSection
	GlobalSection(SolutionProperties) = preSolution
		HideSolutionNode = FALSE
	EndGlobalSection
	GlobalSection(ExtensibilityGlobals) = postSolution
		SolutionGuid = {8DD60C20-B2E5-4C38-8EDF-B1210942D574}
	EndGlobalSection
EndGlobal
