
Microsoft Visual Studio Solution File, Format Version 12.00
# Visual Studio 14
VisualStudioVersion = 14.0.25420.1
MinimumVisualStudioVersion = 10.0.40219.1
Project("{E24C65DC-7377-472B-9ABA-BC803B73C61A}") = "Ejercicio6_Encode", "Ejercicio6_Encode", "{57F27295-9B35-4627-B4BF-CC661F64AC34}"
	ProjectSection(WebsiteProperties) = preProject
		TargetFrameworkMoniker = ".NETFramework,Version%3Dv4.5.2"
		Debug.AspNetCompiler.VirtualPath = "/localhost_56355"
		Debug.AspNetCompiler.PhysicalPath = "Ejercicio6_Encode"
		Debug.AspNetCompiler.TargetPath = "PrecompiledWeb\localhost_56355\"
		Debug.AspNetCompiler.Updateable = "true"
		Debug.AspNetCompiler.ForceOverwrite = "true"
		Debug.AspNetCompiler.FixedNames = "false"
		Debug.AspNetCompiler.Debug = "True"
		Release.AspNetCompiler.VirtualPath = "/localhost_56355"
		Release.AspNetCompiler.PhysicalPath = "Ejercicio6_Encode"
		Release.AspNetCompiler.TargetPath = "PrecompiledWeb\localhost_56355\"
		Release.AspNetCompiler.Updateable = "true"
		Release.AspNetCompiler.ForceOverwrite = "true"
		Release.AspNetCompiler.FixedNames = "false"
		Release.AspNetCompiler.Debug = "False"
		VWDPort = "56355"
		SlnRelativePath = "Ejercicio6_Encode"
		DefaultWebSiteLanguage = "Visual C#"
	EndProjectSection
EndProject
Global
	GlobalSection(SolutionConfigurationPlatforms) = preSolution
		Debug|Any CPU = Debug|Any CPU
	EndGlobalSection
	GlobalSection(ProjectConfigurationPlatforms) = postSolution
		{57F27295-9B35-4627-B4BF-CC661F64AC34}.Debug|Any CPU.ActiveCfg = Debug|Any CPU
		{57F27295-9B35-4627-B4BF-CC661F64AC34}.Debug|Any CPU.Build.0 = Debug|Any CPU
	EndGlobalSection
	GlobalSection(SolutionProperties) = preSolution
		HideSolutionNode = FALSE
	EndGlobalSection
EndGlobal
