
Microsoft Visual Studio Solution File, Format Version 12.00
# Visual Studio 15
VisualStudioVersion = 15.0.28307.489
MinimumVisualStudioVersion = 10.0.40219.1
Project("{E24C65DC-7377-472B-9ABA-BC803B73C61A}") = "Ejercicio16_palabrasPalidromas", "Ejercicio16_palabrasPalidromas\", "{D2363264-57C6-4D46-8022-4ADE6EA36344}"
	ProjectSection(WebsiteProperties) = preProject
		TargetFrameworkMoniker = ".NETFramework,Version%3Dv4.5.2"
		Debug.AspNetCompiler.VirtualPath = "/localhost_61403"
		Debug.AspNetCompiler.PhysicalPath = "Ejercicio16_palabrasPalidromas\"
		Debug.AspNetCompiler.TargetPath = "PrecompiledWeb\localhost_61403\"
		Debug.AspNetCompiler.Updateable = "true"
		Debug.AspNetCompiler.ForceOverwrite = "true"
		Debug.AspNetCompiler.FixedNames = "false"
		Debug.AspNetCompiler.Debug = "True"
		Release.AspNetCompiler.VirtualPath = "/localhost_61403"
		Release.AspNetCompiler.PhysicalPath = "Ejercicio16_palabrasPalidromas\"
		Release.AspNetCompiler.TargetPath = "PrecompiledWeb\localhost_61403\"
		Release.AspNetCompiler.Updateable = "true"
		Release.AspNetCompiler.ForceOverwrite = "true"
		Release.AspNetCompiler.FixedNames = "false"
		Release.AspNetCompiler.Debug = "False"
		VWDPort = "61403"
		SlnRelativePath = "Ejercicio16_palabrasPalidromas\"
		DefaultWebSiteLanguage = "Visual C#"
	EndProjectSection
EndProject
Global
	GlobalSection(SolutionConfigurationPlatforms) = preSolution
		Debug|Any CPU = Debug|Any CPU
	EndGlobalSection
	GlobalSection(ProjectConfigurationPlatforms) = postSolution
		{D2363264-57C6-4D46-8022-4ADE6EA36344}.Debug|Any CPU.ActiveCfg = Debug|Any CPU
		{D2363264-57C6-4D46-8022-4ADE6EA36344}.Debug|Any CPU.Build.0 = Debug|Any CPU
	EndGlobalSection
	GlobalSection(SolutionProperties) = preSolution
		HideSolutionNode = FALSE
	EndGlobalSection
	GlobalSection(ExtensibilityGlobals) = postSolution
		SolutionGuid = {88FBE477-B85D-4374-8434-36073D71B0D1}
	EndGlobalSection
EndGlobal
